
Microsoft Visual Studio Solution File, Format Version 12.00
Project("{FAE04EC0-301F-11D3-BF4B-00C04F79EFBC}") = "LethalCompanyInputUtils", "LethalCompanyInputUtils\LethalCompanyInputUtils.csproj", "{94E68A23-78B8-4D27-BCA6-B14C238F9D67}"
EndProject
Project("{FAE04EC0-301F-11D3-BF4B-00C04F79EFBC}") = "build", "build\Build.csproj", "{566DD797-F558-4E46-92A7-31080C736C97}"
EndProject
Global
	GlobalSection(SolutionConfigurationPlatforms) = preSolution
		Debug|Any CPU = Debug|Any CPU
		Release|Any CPU = Release|Any CPU
	EndGlobalSection
	GlobalSection(ProjectConfigurationPlatforms) = postSolution
	    {566DD797-F558-4E46-92A7-31080C736C97}.Debug|Any CPU.ActiveCfg = Debug|Any CPU
    	{566DD797-F558-4E46-92A7-31080C736C97}.Release|Any CPU.ActiveCfg = Release|Any CPU
		{94E68A23-78B8-4D27-BCA6-B14C238F9D67}.Debug|Any CPU.ActiveCfg = Debug|Any CPU
		{94E68A23-78B8-4D27-BCA6-B14C238F9D67}.Debug|Any CPU.Build.0 = Debug|Any CPU
		{94E68A23-78B8-4D27-BCA6-B14C238F9D67}.Release|Any CPU.ActiveCfg = Release|Any CPU
		{94E68A23-78B8-4D27-BCA6-B14C238F9D67}.Release|Any CPU.Build.0 = Release|Any CPU
	EndGlobalSection
EndGlobal
